// !$*UTF8*$!
{
	archiveVersion = 1;
	classes = {
	};
	objectVersion = 46;
	objects = {

/* Begin PBXBuildFile section */
		952BDC681A9616EF008595AF /* ClassDispatcher.m in Sources */ = {isa = PBXBuildFile; fileRef = 952BDC671A9616EF008595AF /* ClassDispatcher.m */; };
		952BDC6B1A96171C008595AF /* Element.m in Sources */ = {isa = PBXBuildFile; fileRef = 952BDC6A1A96171C008595AF /* Element.m */; };
		952BDC6E1A961798008595AF /* Number.m in Sources */ = {isa = PBXBuildFile; fileRef = 952BDC6D1A961798008595AF /* Number.m */; };
		952BDC711A961E41008595AF /* AllClear.m in Sources */ = {isa = PBXBuildFile; fileRef = 952BDC701A961E41008595AF /* AllClear.m */; };
		956072591A95630900126AE6 /* SelectorDispatcher.m in Sources */ = {isa = PBXBuildFile; fileRef = 956072581A95630900126AE6 /* SelectorDispatcher.m */; };
		9577F3611A9486E000CBFBA6 /* main.m in Sources */ = {isa = PBXBuildFile; fileRef = 9577F3601A9486E000CBFBA6 /* main.m */; };
		9577F3641A9486E000CBFBA6 /* AppDelegate.m in Sources */ = {isa = PBXBuildFile; fileRef = 9577F3631A9486E000CBFBA6 /* AppDelegate.m */; };
		9577F3671A9486E000CBFBA6 /* ViewController.m in Sources */ = {isa = PBXBuildFile; fileRef = 9577F3661A9486E000CBFBA6 /* ViewController.m */; };
		9577F36A1A9486E000CBFBA6 /* Main.storyboard in Resources */ = {isa = PBXBuildFile; fileRef = 9577F3681A9486E000CBFBA6 /* Main.storyboard */; };
		9577F36C1A9486E000CBFBA6 /* Images.xcassets in Resources */ = {isa = PBXBuildFile; fileRef = 9577F36B1A9486E000CBFBA6 /* Images.xcassets */; };
		9577F36F1A9486E000CBFBA6 /* LaunchScreen.xib in Resources */ = {isa = PBXBuildFile; fileRef = 9577F36D1A9486E000CBFBA6 /* LaunchScreen.xib */; };
		9577F37B1A9486E000CBFBA6 /* CalcTests.m in Sources */ = {isa = PBXBuildFile; fileRef = 9577F37A1A9486E000CBFBA6 /* CalcTests.m */; };
		959E09A51A9696FE00F4EF54 /* SingletonDispatcher.m in Sources */ = {isa = PBXBuildFile; fileRef = 959E09A41A9696FE00F4EF54 /* SingletonDispatcher.m */; };
/* End PBXBuildFile section */

/* Begin PBXContainerItemProxy section */
		9577F3751A9486E000CBFBA6 /* PBXContainerItemProxy */ = {
			isa = PBXContainerItemProxy;
			containerPortal = 9577F3531A9486E000CBFBA6 /* Project object */;
			proxyType = 1;
			remoteGlobalIDString = 9577F35A1A9486E000CBFBA6;
			remoteInfo = Calc;
		};
/* End PBXContainerItemProxy section */

/* Begin PBXFileReference section */
		952BDC661A9616EE008595AF /* ClassDispatcher.h */ = {isa = PBXFileReference; fileEncoding = 4; lastKnownFileType = sourcecode.c.h; path = ClassDispatcher.h; sourceTree = "<group>"; };
		952BDC671A9616EF008595AF /* ClassDispatcher.m */ = {isa = PBXFileReference; fileEncoding = 4; lastKnownFileType = sourcecode.c.objc; path = ClassDispatcher.m; sourceTree = "<group>"; };
		952BDC691A96171C008595AF /* Element.h */ = {isa = PBXFileReference; fileEncoding = 4; lastKnownFileType = sourcecode.c.h; path = Element.h; sourceTree = "<group>"; };
		952BDC6A1A96171C008595AF /* Element.m */ = {isa = PBXFileReference; fileEncoding = 4; lastKnownFileType = sourcecode.c.objc; path = Element.m; sourceTree = "<group>"; };
		952BDC6C1A961798008595AF /* Number.h */ = {isa = PBXFileReference; fileEncoding = 4; lastKnownFileType = sourcecode.c.h; path = Number.h; sourceTree = "<group>"; };
		952BDC6D1A961798008595AF /* Number.m */ = {isa = PBXFileReference; fileEncoding = 4; lastKnownFileType = sourcecode.c.objc; path = Number.m; sourceTree = "<group>"; };
		952BDC6F1A961E41008595AF /* AllClear.h */ = {isa = PBXFileReference; fileEncoding = 4; lastKnownFileType = sourcecode.c.h; path = AllClear.h; sourceTree = "<group>"; };
		952BDC701A961E41008595AF /* AllClear.m */ = {isa = PBXFileReference; fileEncoding = 4; lastKnownFileType = sourcecode.c.objc; path = AllClear.m; sourceTree = "<group>"; };
		956072571A95630900126AE6 /* SelectorDispatcher.h */ = {isa = PBXFileReference; fileEncoding = 4; lastKnownFileType = sourcecode.c.h; path = SelectorDispatcher.h; sourceTree = "<group>"; };
		956072581A95630900126AE6 /* SelectorDispatcher.m */ = {isa = PBXFileReference; fileEncoding = 4; lastKnownFileType = sourcecode.c.objc; path = SelectorDispatcher.m; sourceTree = "<group>"; };
		9577F35B1A9486E000CBFBA6 /* Calc.app */ = {isa = PBXFileReference; explicitFileType = wrapper.application; includeInIndex = 0; path = Calc.app; sourceTree = BUILT_PRODUCTS_DIR; };
		9577F35F1A9486E000CBFBA6 /* Info.plist */ = {isa = PBXFileReference; lastKnownFileType = text.plist.xml; path = Info.plist; sourceTree = "<group>"; };
		9577F3601A9486E000CBFBA6 /* main.m */ = {isa = PBXFileReference; lastKnownFileType = sourcecode.c.objc; path = main.m; sourceTree = "<group>"; };
		9577F3621A9486E000CBFBA6 /* AppDelegate.h */ = {isa = PBXFileReference; lastKnownFileType = sourcecode.c.h; path = AppDelegate.h; sourceTree = "<group>"; };
		9577F3631A9486E000CBFBA6 /* AppDelegate.m */ = {isa = PBXFileReference; lastKnownFileType = sourcecode.c.objc; path = AppDelegate.m; sourceTree = "<group>"; };
		9577F3651A9486E000CBFBA6 /* ViewController.h */ = {isa = PBXFileReference; lastKnownFileType = sourcecode.c.h; path = ViewController.h; sourceTree = "<group>"; };
		9577F3661A9486E000CBFBA6 /* ViewController.m */ = {isa = PBXFileReference; lastKnownFileType = sourcecode.c.objc; path = ViewController.m; sourceTree = "<group>"; };
		9577F3691A9486E000CBFBA6 /* Base */ = {isa = PBXFileReference; lastKnownFileType = file.storyboard; name = Base; path = Base.lproj/Main.storyboard; sourceTree = "<group>"; };
		9577F36B1A9486E000CBFBA6 /* Images.xcassets */ = {isa = PBXFileReference; lastKnownFileType = folder.assetcatalog; path = Images.xcassets; sourceTree = "<group>"; };
		9577F36E1A9486E000CBFBA6 /* Base */ = {isa = PBXFileReference; lastKnownFileType = file.xib; name = Base; path = Base.lproj/LaunchScreen.xib; sourceTree = "<group>"; };
		9577F3741A9486E000CBFBA6 /* CalcTests.xctest */ = {isa = PBXFileReference; explicitFileType = wrapper.cfbundle; includeInIndex = 0; path = CalcTests.xctest; sourceTree = BUILT_PRODUCTS_DIR; };
		9577F3791A9486E000CBFBA6 /* Info.plist */ = {isa = PBXFileReference; lastKnownFileType = text.plist.xml; path = Info.plist; sourceTree = "<group>"; };
		9577F37A1A9486E000CBFBA6 /* CalcTests.m */ = {isa = PBXFileReference; lastKnownFileType = sourcecode.c.objc; path = CalcTests.m; sourceTree = "<group>"; };
		959E09A31A9696FE00F4EF54 /* SingletonDispatcher.h */ = {isa = PBXFileReference; fileEncoding = 4; lastKnownFileType = sourcecode.c.h; path = SingletonDispatcher.h; sourceTree = "<group>"; };
		959E09A41A9696FE00F4EF54 /* SingletonDispatcher.m */ = {isa = PBXFileReference; fileEncoding = 4; lastKnownFileType = sourcecode.c.objc; path = SingletonDispatcher.m; sourceTree = "<group>"; };
/* End PBXFileReference section */

/* Begin PBXFrameworksBuildPhase section */
		9577F3581A9486E000CBFBA6 /* Frameworks */ = {
			isa = PBXFrameworksBuildPhase;
			buildActionMask = 2147483647;
			files = (
			);
			runOnlyForDeploymentPostprocessing = 0;
		};
		9577F3711A9486E000CBFBA6 /* Frameworks */ = {
			isa = PBXFrameworksBuildPhase;
			buildActionMask = 2147483647;
			files = (
			);
			runOnlyForDeploymentPostprocessing = 0;
		};
/* End PBXFrameworksBuildPhase section */

/* Begin PBXGroup section */
		9577F3521A9486E000CBFBA6 = {
			isa = PBXGroup;
			children = (
				9577F35D1A9486E000CBFBA6 /* Calc */,
				9577F3771A9486E000CBFBA6 /* CalcTests */,
				9577F35C1A9486E000CBFBA6 /* Products */,
			);
			sourceTree = "<group>";
		};
		9577F35C1A9486E000CBFBA6 /* Products */ = {
			isa = PBXGroup;
			children = (
				9577F35B1A9486E000CBFBA6 /* Calc.app */,
				9577F3741A9486E000CBFBA6 /* CalcTests.xctest */,
			);
			name = Products;
			sourceTree = "<group>";
		};
		9577F35D1A9486E000CBFBA6 /* Calc */ = {
			isa = PBXGroup;
			children = (
				9577F3621A9486E000CBFBA6 /* AppDelegate.h */,
				9577F3631A9486E000CBFBA6 /* AppDelegate.m */,
				959E09A31A9696FE00F4EF54 /* SingletonDispatcher.h */,
				959E09A41A9696FE00F4EF54 /* SingletonDispatcher.m */,
				9577F3651A9486E000CBFBA6 /* ViewController.h */,
				952BDC661A9616EE008595AF /* ClassDispatcher.h */,
				952BDC671A9616EF008595AF /* ClassDispatcher.m */,
				952BDC6F1A961E41008595AF /* AllClear.h */,
				952BDC701A961E41008595AF /* AllClear.m */,
				952BDC691A96171C008595AF /* Element.h */,
				952BDC6C1A961798008595AF /* Number.h */,
				952BDC6D1A961798008595AF /* Number.m */,
				952BDC6A1A96171C008595AF /* Element.m */,
				9577F3661A9486E000CBFBA6 /* ViewController.m */,
				9577F3681A9486E000CBFBA6 /* Main.storyboard */,
				956072571A95630900126AE6 /* SelectorDispatcher.h */,
				956072581A95630900126AE6 /* SelectorDispatcher.m */,
				9577F36B1A9486E000CBFBA6 /* Images.xcassets */,
				9577F36D1A9486E000CBFBA6 /* LaunchScreen.xib */,
				9577F35E1A9486E000CBFBA6 /* Supporting Files */,
			);
			path = Calc;
			sourceTree = "<group>";
		};
		9577F35E1A9486E000CBFBA6 /* Supporting Files */ = {
			isa = PBXGroup;
			children = (
				9577F35F1A9486E000CBFBA6 /* Info.plist */,
				9577F3601A9486E000CBFBA6 /* main.m */,
			);
			name = "Supporting Files";
			sourceTree = "<group>";
		};
		9577F3771A9486E000CBFBA6 /* CalcTests */ = {
			isa = PBXGroup;
			children = (
				9577F37A1A9486E000CBFBA6 /* CalcTests.m */,
				9577F3781A9486E000CBFBA6 /* Supporting Files */,
			);
			path = CalcTests;
			sourceTree = "<group>";
		};
		9577F3781A9486E000CBFBA6 /* Supporting Files */ = {
			isa = PBXGroup;
			children = (
				9577F3791A9486E000CBFBA6 /* Info.plist */,
			);
			name = "Supporting Files";
			sourceTree = "<group>";
		};
/* End PBXGroup section */

/* Begin PBXNativeTarget section */
		9577F35A1A9486E000CBFBA6 /* Calc */ = {
			isa = PBXNativeTarget;
			buildConfigurationList = 9577F37E1A9486E000CBFBA6 /* Build configuration list for PBXNativeTarget "Calc" */;
			buildPhases = (
				9577F3571A9486E000CBFBA6 /* Sources */,
				9577F3581A9486E000CBFBA6 /* Frameworks */,
				9577F3591A9486E000CBFBA6 /* Resources */,
			);
			buildRules = (
			);
			dependencies = (
			);
			name = Calc;
			productName = Calc;
			productReference = 9577F35B1A9486E000CBFBA6 /* Calc.app */;
			productType = "com.apple.product-type.application";
		};
		9577F3731A9486E000CBFBA6 /* CalcTests */ = {
			isa = PBXNativeTarget;
			buildConfigurationList = 9577F3811A9486E000CBFBA6 /* Build configuration list for PBXNativeTarget "CalcTests" */;
			buildPhases = (
				9577F3701A9486E000CBFBA6 /* Sources */,
				9577F3711A9486E000CBFBA6 /* Frameworks */,
				9577F3721A9486E000CBFBA6 /* Resources */,
			);
			buildRules = (
			);
			dependencies = (
				9577F3761A9486E000CBFBA6 /* PBXTargetDependency */,
			);
			name = CalcTests;
			productName = CalcTests;
			productReference = 9577F3741A9486E000CBFBA6 /* CalcTests.xctest */;
			productType = "com.apple.product-type.bundle.unit-test";
		};
/* End PBXNativeTarget section */

/* Begin PBXProject section */
		9577F3531A9486E000CBFBA6 /* Project object */ = {
			isa = PBXProject;
			attributes = {
				LastUpgradeCheck = 0610;
				ORGANIZATIONNAME = zacky1972;
				TargetAttributes = {
					9577F35A1A9486E000CBFBA6 = {
						CreatedOnToolsVersion = 6.1.1;
					};
					9577F3731A9486E000CBFBA6 = {
						CreatedOnToolsVersion = 6.1.1;
						TestTargetID = 9577F35A1A9486E000CBFBA6;
					};
				};
			};
			buildConfigurationList = 9577F3561A9486E000CBFBA6 /* Build configuration list for PBXProject "Calc" */;
			compatibilityVersion = "Xcode 3.2";
			developmentRegion = English;
			hasScannedForEncodings = 0;
			knownRegions = (
				en,
				Base,
			);
			mainGroup = 9577F3521A9486E000CBFBA6;
			productRefGroup = 9577F35C1A9486E000CBFBA6 /* Products */;
			projectDirPath = "";
			projectRoot = "";
			targets = (
				9577F35A1A9486E000CBFBA6 /* Calc */,
				9577F3731A9486E000CBFBA6 /* CalcTests */,
			);
		};
/* End PBXProject section */

/* Begin PBXResourcesBuildPhase section */
		9577F3591A9486E000CBFBA6 /* Resources */ = {
			isa = PBXResourcesBuildPhase;
			buildActionMask = 2147483647;
			files = (
				9577F36A1A9486E000CBFBA6 /* Main.storyboard in Resources */,
				9577F36F1A9486E000CBFBA6 /* LaunchScreen.xib in Resources */,
				9577F36C1A9486E000CBFBA6 /* Images.xcassets in Resources */,
			);
			runOnlyForDeploymentPostprocessing = 0;
		};
		9577F3721A9486E000CBFBA6 /* Resources */ = {
			isa = PBXResourcesBuildPhase;
			buildActionMask = 2147483647;
			files = (
			);
			runOnlyForDeploymentPostprocessing = 0;
		};
/* End PBXResourcesBuildPhase section */

/* Begin PBXSourcesBuildPhase section */
		9577F3571A9486E000CBFBA6 /* Sources */ = {
			isa = PBXSourcesBuildPhase;
			buildActionMask = 2147483647;
			files = (
				952BDC6B1A96171C008595AF /* Element.m in Sources */,
				9577F3671A9486E000CBFBA6 /* ViewController.m in Sources */,
				9577F3641A9486E000CBFBA6 /* AppDelegate.m in Sources */,
				952BDC681A9616EF008595AF /* ClassDispatcher.m in Sources */,
				952BDC6E1A961798008595AF /* Number.m in Sources */,
				959E09A51A9696FE00F4EF54 /* SingletonDispatcher.m in Sources */,
				952BDC711A961E41008595AF /* AllClear.m in Sources */,
				956072591A95630900126AE6 /* SelectorDispatcher.m in Sources */,
				9577F3611A9486E000CBFBA6 /* main.m in Sources */,
			);
			runOnlyForDeploymentPostprocessing = 0;
		};
		9577F3701A9486E000CBFBA6 /* Sources */ = {
			isa = PBXSourcesBuildPhase;
			buildActionMask = 2147483647;
			files = (
				9577F37B1A9486E000CBFBA6 /* CalcTests.m in Sources */,
			);
			runOnlyForDeploymentPostprocessing = 0;
		};
/* End PBXSourcesBuildPhase section */

/* Begin PBXTargetDependency section */
		9577F3761A9486E000CBFBA6 /* PBXTargetDependency */ = {
			isa = PBXTargetDependency;
			target = 9577F35A1A9486E000CBFBA6 /* Calc */;
			targetProxy = 9577F3751A9486E000CBFBA6 /* PBXContainerItemProxy */;
		};
/* End PBXTargetDependency section */

/* Begin PBXVariantGroup section */
		9577F3681A9486E000CBFBA6 /* Main.storyboard */ = {
			isa = PBXVariantGroup;
			children = (
				9577F3691A9486E000CBFBA6 /* Base */,
			);
			name = Main.storyboard;
			sourceTree = "<group>";
		};
		9577F36D1A9486E000CBFBA6 /* LaunchScreen.xib */ = {
			isa = PBXVariantGroup;
			children = (
				9577F36E1A9486E000CBFBA6 /* Base */,
			);
			name = LaunchScreen.xib;
			sourceTree = "<group>";
		};
/* End PBXVariantGroup section */

/* Begin XCBuildConfiguration section */
		9577F37C1A9486E000CBFBA6 /* Debug */ = {
			isa = XCBuildConfiguration;
			buildSettings = {
				ALWAYS_SEARCH_USER_PATHS = NO;
				CLANG_CXX_LANGUAGE_STANDARD = "gnu++0x";
				CLANG_CXX_LIBRARY = "libc++";
				CLANG_ENABLE_MODULES = YES;
				CLANG_ENABLE_OBJC_ARC = YES;
				CLANG_WARN_BOOL_CONVERSION = YES;
				CLANG_WARN_CONSTANT_CONVERSION = YES;
				CLANG_WARN_DIRECT_OBJC_ISA_USAGE = YES_ERROR;
				CLANG_WARN_EMPTY_BODY = YES;
				CLANG_WARN_ENUM_CONVERSION = YES;
				CLANG_WARN_INT_CONVERSION = YES;
				CLANG_WARN_OBJC_ROOT_CLASS = YES_ERROR;
				CLANG_WARN_UNREACHABLE_CODE = YES;
				CLANG_WARN__DUPLICATE_METHOD_MATCH = YES;
				"CODE_SIGN_IDENTITY[sdk=iphoneos*]" = "iPhone Developer";
				COPY_PHASE_STRIP = NO;
				ENABLE_STRICT_OBJC_MSGSEND = YES;
				GCC_C_LANGUAGE_STANDARD = gnu99;
				GCC_DYNAMIC_NO_PIC = NO;
				GCC_OPTIMIZATION_LEVEL = 0;
				GCC_PREPROCESSOR_DEFINITIONS = (
					"DEBUG=1",
					"$(inherited)",
				);
				GCC_SYMBOLS_PRIVATE_EXTERN = NO;
				GCC_WARN_64_TO_32_BIT_CONVERSION = YES;
				GCC_WARN_ABOUT_RETURN_TYPE = YES_ERROR;
				GCC_WARN_UNDECLARED_SELECTOR = YES;
				GCC_WARN_UNINITIALIZED_AUTOS = YES_AGGRESSIVE;
				GCC_WARN_UNUSED_FUNCTION = YES;
				GCC_WARN_UNUSED_VARIABLE = YES;
				IPHONEOS_DEPLOYMENT_TARGET = 8.1;
				MTL_ENABLE_DEBUG_INFO = YES;
				ONLY_ACTIVE_ARCH = YES;
				SDKROOT = iphoneos;
			};
			name = Debug;
		};
		9577F37D1A9486E000CBFBA6 /* Release */ = {
			isa = XCBuildConfiguration;
			buildSettings = {
				ALWAYS_SEARCH_USER_PATHS = NO;
				CLANG_CXX_LANGUAGE_STANDARD = "gnu++0x";
				CLANG_CXX_LIBRARY = "libc++";
				CLANG_ENABLE_MODULES = YES;
				CLANG_ENABLE_OBJC_ARC = YES;
				CLANG_WARN_BOOL_CONVERSION = YES;
				CLANG_WARN_CONSTANT_CONVERSION = YES;
				CLANG_WARN_DIRECT_OBJC_ISA_USAGE = YES_ERROR;
				CLANG_WARN_EMPTY_BODY = YES;
				CLANG_WARN_ENUM_CONVERSION = YES;
				CLANG_WARN_INT_CONVERSION = YES;
				CLANG_WARN_OBJC_ROOT_CLASS = YES_ERROR;
				CLANG_WARN_UNREACHABLE_CODE = YES;
				CLANG_WARN__DUPLICATE_METHOD_MATCH = YES;
				"CODE_SIGN_IDENTITY[sdk=iphoneos*]" = "iPhone Developer";
				COPY_PHASE_STRIP = YES;
				ENABLE_NS_ASSERTIONS = NO;
				ENABLE_STRICT_OBJC_MSGSEND = YES;
				GCC_C_LANGUAGE_STANDARD = gnu99;
				GCC_WARN_64_TO_32_BIT_CONVERSION = YES;
				GCC_WARN_ABOUT_RETURN_TYPE = YES_ERROR;
				GCC_WARN_UNDECLARED_SELECTOR = YES;
				GCC_WARN_UNINITIALIZED_AUTOS = YES_AGGRESSIVE;
				GCC_WARN_UNUSED_FUNCTION = YES;
				GCC_WARN_UNUSED_VARIABLE = YES;
				IPHONEOS_DEPLOYMENT_TARGET = 8.1;
				MTL_ENABLE_DEBUG_INFO = NO;
				SDKROOT = iphoneos;
				VALIDATE_PRODUCT = YES;
			};
			name = Release;
		};
		9577F37F1A9486E000CBFBA6 /* Debug */ = {
			isa = XCBuildConfiguration;
			buildSettings = {
				ASSETCATALOG_COMPILER_APPICON_NAME = AppIcon;
				INFOPLIST_FILE = Calc/Info.plist;
				LD_RUNPATH_SEARCH_PATHS = "$(inherited) @executable_path/Frameworks";
				PRODUCT_NAME = "$(TARGET_NAME)";
			};
			name = Debug;
		};
		9577F3801A9486E000CBFBA6 /* Release */ = {
			isa = XCBuildConfiguration;
			buildSettings = {
				ASSETCATALOG_COMPILER_APPICON_NAME = AppIcon;
				INFOPLIST_FILE = Calc/Info.plist;
				LD_RUNPATH_SEARCH_PATHS = "$(inherited) @executable_path/Frameworks";
				PRODUCT_NAME = "$(TARGET_NAME)";
			};
			name = Release;
		};
		9577F3821A9486E000CBFBA6 /* Debug */ = {
			isa = XCBuildConfiguration;
			buildSettings = {
				BUNDLE_LOADER = "$(TEST_HOST)";
				FRAMEWORK_SEARCH_PATHS = (
					"$(SDKROOT)/Developer/Library/Frameworks",
					"$(inherited)",
				);
				GCC_PREPROCESSOR_DEFINITIONS = (
					"DEBUG=1",
					"$(inherited)",
				);
				INFOPLIST_FILE = CalcTests/Info.plist;
				LD_RUNPATH_SEARCH_PATHS = "$(inherited) @executable_path/Frameworks @loader_path/Frameworks";
				PRODUCT_NAME = "$(TARGET_NAME)";
				TEST_HOST = "$(BUILT_PRODUCTS_DIR)/Calc.app/Calc";
			};
			name = Debug;
		};
		9577F3831A9486E000CBFBA6 /* Release */ = {
			isa = XCBuildConfiguration;
			buildSettings = {
				BUNDLE_LOADER = "$(TEST_HOST)";
				FRAMEWORK_SEARCH_PATHS = (
					"$(SDKROOT)/Developer/Library/Frameworks",
					"$(inherited)",
				);
				INFOPLIST_FILE = CalcTests/Info.plist;
				LD_RUNPATH_SEARCH_PATHS = "$(inherited) @executable_path/Frameworks @loader_path/Frameworks";
				PRODUCT_NAME = "$(TARGET_NAME)";
				TEST_HOST = "$(BUILT_PRODUCTS_DIR)/Calc.app/Calc";
			};
			name = Release;
		};
/* End XCBuildConfiguration section */

/* Begin XCConfigurationList section */
		9577F3561A9486E000CBFBA6 /* Build configuration list for PBXProject "Calc" */ = {
			isa = XCConfigurationList;
			buildConfigurations = (
				9577F37C1A9486E000CBFBA6 /* Debug */,
				9577F37D1A9486E000CBFBA6 /* Release */,
			);
			defaultConfigurationIsVisible = 0;
			defaultConfigurationName = Release;
		};
		9577F37E1A9486E000CBFBA6 /* Build configuration list for PBXNativeTarget "Calc" */ = {
			isa = XCConfigurationList;
			buildConfigurations = (
				9577F37F1A9486E000CBFBA6 /* Debug */,
				9577F3801A9486E000CBFBA6 /* Release */,
			);
			defaultConfigurationIsVisible = 0;
			defaultConfigurationName = Release;
		};
		9577F3811A9486E000CBFBA6 /* Build configuration list for PBXNativeTarget "CalcTests" */ = {
			isa = XCConfigurationList;
			buildConfigurations = (
				9577F3821A9486E000CBFBA6 /* Debug */,
				9577F3831A9486E000CBFBA6 /* Release */,
			);
			defaultConfigurationIsVisible = 0;
			defaultConfigurationName = Release;
		};
/* End XCConfigurationList section */
	};
	rootObject = 9577F3531A9486E000CBFBA6 /* Project object */;
}
